<?xml version="1.0" encoding="utf-8"?>
<Project ToolsVersion="4.0" xmlns="http://schemas.microsoft.com/developer/msbuild/2003">
  <ItemGroup>
    <Filter Include="소스 파일">
      <UniqueIdentifier>{4FC737F1-C7A5-4376-A066-2A32D752A2FF}</UniqueIdentifier>
      <Extensions>cpp;c;cc;cxx;c++;cppm;ixx;def;odl;idl;hpj;bat;asm;asmx</Extensions>
    </Filter>
    <Filter Include="헤더 파일">
      <UniqueIdentifier>{93995380-89BD-4b04-88EB-625FBE52EBFB}</UniqueIdentifier>
      <Extensions>h;hh;hpp;hxx;h++;hm;inl;inc;ipp;xsd</Extensions>
    </Filter>
    <Filter Include="리소스 파일">
      <UniqueIdentifier>{67DA6AB6-F800-4c08-8B7A-83BB121AAD01}</UniqueIdentifier>
      <Extensions>rc;ico;cur;bmp;dlg;rc2;rct;bin;rgs;gif;jpg;jpeg;jpe;resx;tiff;tif;png;wav;mfcribbon-ms</Extensions>
    </Filter>
  </ItemGroup>
  <ItemGroup>
    <ClCompile Include="selection_sort.c">
      <Filter>소스 파일</Filter>
    </ClCompile>
    <ClCompile Include="bubble_sort.c">
      <Filter>소스 파일</Filter>
    </ClCompile>
    <ClCompile Include="quick_sort.c">
      <Filter>소스 파일</Filter>
    </ClCompile>
    <ClCompile Include="insertion_sort.c">
      <Filter>소스 파일</Filter>
    </ClCompile>
    <ClCompile Include="main_manu.c">
      <Filter>소스 파일</Filter>
    </ClCompile>
    <ClCompile Include="shell_sort.c">
      <Filter>소스 파일</Filter>
    </ClCompile>
    <ClCompile Include="merge_sort.c">
      <Filter>소스 파일</Filter>
    </ClCompile>
    <ClCompile Include="radix_sort.c">
      <Filter>소스 파일</Filter>
    </ClCompile>
    <ClCompile Include="heap_sort.c">
      <Filter>소스 파일</Filter>
    </ClCompile>
    <ClCompile Include="tree_sort.c">
      <Filter>소스 파일</Filter>
    </ClCompile>
    <ClCompile Include="topological_sort.c">
      <Filter>소스 파일</Filter>
    </ClCompile>
    <ClCompile Include="binarysearch_tree.c">
      <Filter>소스 파일</Filter>
    </ClCompile>
    <ClCompile Include="redblack_tree.c">
      <Filter>소스 파일</Filter>
    </ClCompile>
    <ClCompile Include="b_tree.c">
      <Filter>소스 파일</Filter>
    </ClCompile>
    <ClCompile Include="counting_sort.c">
      <Filter>소스 파일</Filter>
    </ClCompile>
    <ClCompile Include="kd_tree.c">
      <Filter>소스 파일</Filter>
    </ClCompile>
    <ClCompile Include="r_tree.c">
      <Filter>소스 파일</Filter>
    </ClCompile>
    <ClCompile Include="kruskal_algo.c">
      <Filter>소스 파일</Filter>
    </ClCompile>
    <ClCompile Include="prim_algo.c">
      <Filter>소스 파일</Filter>
    </ClCompile>
    <ClCompile Include="greedy_algo.c">
      <Filter>소스 파일</Filter>
    </ClCompile>
    <ClCompile Include="backtracking_tree.c">
      <Filter>소스 파일</Filter>
    </ClCompile>
    <ClCompile Include="statespace_tree.c">
      <Filter>소스 파일</Filter>
    </ClCompile>
    <ClCompile Include="bfs.c">
      <Filter>소스 파일</Filter>
    </ClCompile>
    <ClCompile Include="dfs.c">
      <Filter>소스 파일</Filter>
    </ClCompile>
    <ClCompile Include="dijkstra.c">
      <Filter>소스 파일</Filter>
    </ClCompile>
    <ClCompile Include="bellman.c">
      <Filter>소스 파일</Filter>
    </ClCompile>
    <ClCompile Include="floyd.c">
      <Filter>소스 파일</Filter>
    </ClCompile>
    <ClCompile Include="dag.c">
      <Filter>소스 파일</Filter>
    </ClCompile>
    <ClCompile Include="astar.c">
      <Filter>소스 파일</Filter>
    </ClCompile>
    <ClCompile Include="branch.c">
      <Filter>소스 파일</Filter>
    </ClCompile>
    <ClCompile Include="linkedlist.c">
      <Filter>소스 파일</Filter>
    </ClCompile>
    <ClCompile Include="treeset.c">
      <Filter>소스 파일</Filter>
    </ClCompile>
    <ClCompile Include="matrixpath.c">
      <Filter>소스 파일</Filter>
    </ClCompile>
    <ClCompile Include="div.c">
      <Filter>소스 파일</Filter>
    </ClCompile>
    <ClCompile Include="mul.c">
      <Filter>소스 파일</Filter>
    </ClCompile>
  </ItemGroup>
  <ItemGroup>
    <ClInclude Include="algo.h">
      <Filter>헤더 파일</Filter>
    </ClInclude>
    <ClInclude Include="RedBlackTree.h">
      <Filter>헤더 파일</Filter>
    </ClInclude>
    <ClInclude Include="BTree.h">
      <Filter>헤더 파일</Filter>
    </ClInclude>
    <ClInclude Include="KDTree.h">
      <Filter>헤더 파일</Filter>
    </ClInclude>
    <ClInclude Include="RTree.h">
      <Filter>헤더 파일</Filter>
    </ClInclude>
    <ClInclude Include="KruskalAlgo.h">
      <Filter>헤더 파일</Filter>
    </ClInclude>
    <ClInclude Include="BackTrackingTree.h">
      <Filter>헤더 파일</Filter>
    </ClInclude>
    <ClInclude Include="StateSpaceTree.h">
      <Filter>헤더 파일</Filter>
    </ClInclude>
    <ClInclude Include="BFS.h">
      <Filter>헤더 파일</Filter>
    </ClInclude>
    <ClInclude Include="DFS.h">
      <Filter>헤더 파일</Filter>
    </ClInclude>
    <ClInclude Include="Dijkstra.h">
      <Filter>헤더 파일</Filter>
    </ClInclude>
    <ClInclude Include="Bellman.h">
      <Filter>헤더 파일</Filter>
    </ClInclude>
    <ClInclude Include="Floyd.h">
      <Filter>헤더 파일</Filter>
    </ClInclude>
    <ClInclude Include="DAG.h">
      <Filter>헤더 파일</Filter>
    </ClInclude>
    <ClInclude Include="Astar.h">
      <Filter>헤더 파일</Filter>
    </ClInclude>
    <ClInclude Include="Branch.h">
      <Filter>헤더 파일</Filter>
    </ClInclude>
    <ClInclude Include="LinkedList.h">
      <Filter>헤더 파일</Filter>
    </ClInclude>
    <ClInclude Include="TreeSet.h">
      <Filter>헤더 파일</Filter>
    </ClInclude>
    <ClInclude Include="MatrixPath.h">
      <Filter>헤더 파일</Filter>
    </ClInclude>
    <ClInclude Include="Div.h">
      <Filter>헤더 파일</Filter>
    </ClInclude>
    <ClInclude Include="Mul.h">
      <Filter>헤더 파일</Filter>
    </ClInclude>
  </ItemGroup>
</Project>